// !$*UTF8*$!
{
	archiveVersion = 1;
	classes = {
	};
	objectVersion = 56;
	objects = {

/* Begin PBXBuildFile section */
		894CBB4E29B3826800EBD6DD /* InscriberApp.swift in Sources */ = {isa = PBXBuildFile; fileRef = 894CBB4D29B3826800EBD6DD /* InscriberApp.swift */; };
		894CBB5229B3826800EBD6DD /* Assets.xcassets in Resources */ = {isa = PBXBuildFile; fileRef = 894CBB5129B3826800EBD6DD /* Assets.xcassets */; };
		894CBB5529B3826800EBD6DD /* Preview Assets.xcassets in Resources */ = {isa = PBXBuildFile; fileRef = 894CBB5429B3826800EBD6DD /* Preview Assets.xcassets */; };
		894CBB5C29B3843300EBD6DD /* DrawingView.swift in Sources */ = {isa = PBXBuildFile; fileRef = 894CBB5B29B3843300EBD6DD /* DrawingView.swift */; };
		894CBB5F29B38BB600EBD6DD /* PKCanvasRepresentation.swift in Sources */ = {isa = PBXBuildFile; fileRef = 894CBB5E29B38BB600EBD6DD /* PKCanvasRepresentation.swift */; };
		894CBB6329B4A9F500EBD6DD /* UndoRedoObserver.swift in Sources */ = {isa = PBXBuildFile; fileRef = 894CBB6229B4A9F500EBD6DD /* UndoRedoObserver.swift */; };
		894CBB6729B4EB7600EBD6DD /* Drawing.swift in Sources */ = {isa = PBXBuildFile; fileRef = 894CBB6629B4EB7600EBD6DD /* Drawing.swift */; };
		894CBB6D29B4F54200EBD6DD /* CustomCanvasView.swift in Sources */ = {isa = PBXBuildFile; fileRef = 894CBB6C29B4F54200EBD6DD /* CustomCanvasView.swift */; };
		894CBB7329B4FB6900EBD6DD /* MLModel.swift in Sources */ = {isa = PBXBuildFile; fileRef = 894CBB7229B4FB6900EBD6DD /* MLModel.swift */; };
		894CBB7529B4FF5900EBD6DD /* RecognizedShape.swift in Sources */ = {isa = PBXBuildFile; fileRef = 894CBB7429B4FF5900EBD6DD /* RecognizedShape.swift */; };
		894CBB7729B4FF7900EBD6DD /* Prediction.swift in Sources */ = {isa = PBXBuildFile; fileRef = 894CBB7629B4FF7900EBD6DD /* Prediction.swift */; };
		894CBB7929B539BE00EBD6DD /* CGMathExtensions.swift in Sources */ = {isa = PBXBuildFile; fileRef = 894CBB7829B539BE00EBD6DD /* CGMathExtensions.swift */; };
		894CBB7B29B564BB00EBD6DD /* UIDevice+userInterface.swift in Sources */ = {isa = PBXBuildFile; fileRef = 894CBB7A29B564BB00EBD6DD /* UIDevice+userInterface.swift */; };
		894CBB7D29B570D900EBD6DD /* PenWidth.swift in Sources */ = {isa = PBXBuildFile; fileRef = 894CBB7C29B570D900EBD6DD /* PenWidth.swift */; };
/* End PBXBuildFile section */

/* Begin PBXFileReference section */
		894CBB4A29B3826800EBD6DD /* Inscriber.app */ = {isa = PBXFileReference; explicitFileType = wrapper.application; includeInIndex = 0; path = Inscriber.app; sourceTree = BUILT_PRODUCTS_DIR; };
		894CBB4D29B3826800EBD6DD /* InscriberApp.swift */ = {isa = PBXFileReference; lastKnownFileType = sourcecode.swift; path = InscriberApp.swift; sourceTree = "<group>"; };
		894CBB5129B3826800EBD6DD /* Assets.xcassets */ = {isa = PBXFileReference; lastKnownFileType = folder.assetcatalog; path = Assets.xcassets; sourceTree = "<group>"; };
		894CBB5429B3826800EBD6DD /* Preview Assets.xcassets */ = {isa = PBXFileReference; lastKnownFileType = folder.assetcatalog; path = "Preview Assets.xcassets"; sourceTree = "<group>"; };
		894CBB5B29B3843300EBD6DD /* DrawingView.swift */ = {isa = PBXFileReference; lastKnownFileType = sourcecode.swift; path = DrawingView.swift; sourceTree = "<group>"; };
		894CBB5E29B38BB600EBD6DD /* PKCanvasRepresentation.swift */ = {isa = PBXFileReference; lastKnownFileType = sourcecode.swift; path = PKCanvasRepresentation.swift; sourceTree = "<group>"; };
		894CBB6229B4A9F500EBD6DD /* UndoRedoObserver.swift */ = {isa = PBXFileReference; lastKnownFileType = sourcecode.swift; path = UndoRedoObserver.swift; sourceTree = "<group>"; };
		894CBB6629B4EB7600EBD6DD /* Drawing.swift */ = {isa = PBXFileReference; lastKnownFileType = sourcecode.swift; path = Drawing.swift; sourceTree = "<group>"; };
		894CBB6C29B4F54200EBD6DD /* CustomCanvasView.swift */ = {isa = PBXFileReference; lastKnownFileType = sourcecode.swift; path = CustomCanvasView.swift; sourceTree = "<group>"; };
		894CBB7229B4FB6900EBD6DD /* MLModel.swift */ = {isa = PBXFileReference; lastKnownFileType = sourcecode.swift; path = MLModel.swift; sourceTree = "<group>"; };
		894CBB7429B4FF5900EBD6DD /* RecognizedShape.swift */ = {isa = PBXFileReference; lastKnownFileType = sourcecode.swift; path = RecognizedShape.swift; sourceTree = "<group>"; };
		894CBB7629B4FF7900EBD6DD /* Prediction.swift */ = {isa = PBXFileReference; lastKnownFileType = sourcecode.swift; path = Prediction.swift; sourceTree = "<group>"; };
		894CBB7829B539BE00EBD6DD /* CGMathExtensions.swift */ = {isa = PBXFileReference; lastKnownFileType = sourcecode.swift; path = CGMathExtensions.swift; sourceTree = "<group>"; };
		894CBB7A29B564BB00EBD6DD /* UIDevice+userInterface.swift */ = {isa = PBXFileReference; lastKnownFileType = sourcecode.swift; path = "UIDevice+userInterface.swift"; sourceTree = "<group>"; };
		894CBB7C29B570D900EBD6DD /* PenWidth.swift */ = {isa = PBXFileReference; lastKnownFileType = sourcecode.swift; path = PenWidth.swift; sourceTree = "<group>"; };
/* End PBXFileReference section */

/* Begin PBXFrameworksBuildPhase section */
		894CBB4729B3826800EBD6DD /* Frameworks */ = {
			isa = PBXFrameworksBuildPhase;
			buildActionMask = 2147483647;
			files = (
			);
			runOnlyForDeploymentPostprocessing = 0;
		};
/* End PBXFrameworksBuildPhase section */

/* Begin PBXGroup section */
		894CBB4129B3826800EBD6DD = {
			isa = PBXGroup;
			children = (
				894CBB4C29B3826800EBD6DD /* Inscriber */,
				894CBB4B29B3826800EBD6DD /* Products */,
			);
			sourceTree = "<group>";
		};
		894CBB4B29B3826800EBD6DD /* Products */ = {
			isa = PBXGroup;
			children = (
				894CBB4A29B3826800EBD6DD /* Inscriber.app */,
			);
			name = Products;
			sourceTree = "<group>";
		};
		894CBB4C29B3826800EBD6DD /* Inscriber */ = {
			isa = PBXGroup;
			children = (
				894CBB5D29B38BA700EBD6DD /* Drawing */,
				894CBB4D29B3826800EBD6DD /* InscriberApp.swift */,
				894CBB5129B3826800EBD6DD /* Assets.xcassets */,
				894CBB5329B3826800EBD6DD /* Preview Content */,
			);
			path = Inscriber;
			sourceTree = "<group>";
		};
		894CBB5329B3826800EBD6DD /* Preview Content */ = {
			isa = PBXGroup;
			children = (
				894CBB5429B3826800EBD6DD /* Preview Assets.xcassets */,
			);
			path = "Preview Content";
			sourceTree = "<group>";
		};
		894CBB5D29B38BA700EBD6DD /* Drawing */ = {
			isa = PBXGroup;
			children = (
				894CBB6529B4AE5800EBD6DD /* View */,
				894CBB6429B4AE5000EBD6DD /* Model */,
				894CBB7829B539BE00EBD6DD /* CGMathExtensions.swift */,
				894CBB7A29B564BB00EBD6DD /* UIDevice+userInterface.swift */,
			);
			path = Drawing;
			sourceTree = "<group>";
		};
		894CBB6429B4AE5000EBD6DD /* Model */ = {
			isa = PBXGroup;
			children = (
				894CBB6229B4A9F500EBD6DD /* UndoRedoObserver.swift */,
				894CBB6629B4EB7600EBD6DD /* Drawing.swift */,
				894CBB7429B4FF5900EBD6DD /* RecognizedShape.swift */,
				894CBB7229B4FB6900EBD6DD /* MLModel.swift */,
				894CBB7629B4FF7900EBD6DD /* Prediction.swift */,
				894CBB7C29B570D900EBD6DD /* PenWidth.swift */,
			);
			path = Model;
			sourceTree = "<group>";
		};
		894CBB6529B4AE5800EBD6DD /* View */ = {
			isa = PBXGroup;
			children = (
				894CBB5B29B3843300EBD6DD /* DrawingView.swift */,
				894CBB5E29B38BB600EBD6DD /* PKCanvasRepresentation.swift */,
				894CBB6C29B4F54200EBD6DD /* CustomCanvasView.swift */,
			);
			path = View;
			sourceTree = "<group>";
		};
/* End PBXGroup section */

/* Begin PBXNativeTarget section */
		894CBB4929B3826800EBD6DD /* Inscriber */ = {
			isa = PBXNativeTarget;
			buildConfigurationList = 894CBB5829B3826800EBD6DD /* Build configuration list for PBXNativeTarget "Inscriber" */;
			buildPhases = (
				894CBB4629B3826800EBD6DD /* Sources */,
				894CBB4729B3826800EBD6DD /* Frameworks */,
				894CBB4829B3826800EBD6DD /* Resources */,
			);
			buildRules = (
			);
			dependencies = (
			);
			name = Inscriber;
			productName = Inscriber;
			productReference = 894CBB4A29B3826800EBD6DD /* Inscriber.app */;
			productType = "com.apple.product-type.application";
		};
/* End PBXNativeTarget section */

/* Begin PBXProject section */
		894CBB4229B3826800EBD6DD /* Project object */ = {
			isa = PBXProject;
			attributes = {
				BuildIndependentTargetsInParallel = 1;
				LastSwiftUpdateCheck = 1420;
				LastUpgradeCheck = 1420;
				TargetAttributes = {
					894CBB4929B3826800EBD6DD = {
						CreatedOnToolsVersion = 14.2;
					};
				};
			};
			buildConfigurationList = 894CBB4529B3826800EBD6DD /* Build configuration list for PBXProject "Inscriber" */;
			compatibilityVersion = "Xcode 14.0";
			developmentRegion = en;
			hasScannedForEncodings = 0;
			knownRegions = (
				en,
				Base,
			);
			mainGroup = 894CBB4129B3826800EBD6DD;
			productRefGroup = 894CBB4B29B3826800EBD6DD /* Products */;
			projectDirPath = "";
			projectRoot = "";
			targets = (
				894CBB4929B3826800EBD6DD /* Inscriber */,
			);
		};
/* End PBXProject section */

/* Begin PBXResourcesBuildPhase section */
		894CBB4829B3826800EBD6DD /* Resources */ = {
			isa = PBXResourcesBuildPhase;
			buildActionMask = 2147483647;
			files = (
				894CBB5529B3826800EBD6DD /* Preview Assets.xcassets in Resources */,
				894CBB5229B3826800EBD6DD /* Assets.xcassets in Resources */,
			);
			runOnlyForDeploymentPostprocessing = 0;
		};
/* End PBXResourcesBuildPhase section */

/* Begin PBXSourcesBuildPhase section */
		894CBB4629B3826800EBD6DD /* Sources */ = {
			isa = PBXSourcesBuildPhase;
			buildActionMask = 2147483647;
			files = (
				894CBB7329B4FB6900EBD6DD /* MLModel.swift in Sources */,
				894CBB5C29B3843300EBD6DD /* DrawingView.swift in Sources */,
				894CBB7729B4FF7900EBD6DD /* Prediction.swift in Sources */,
				894CBB6329B4A9F500EBD6DD /* UndoRedoObserver.swift in Sources */,
				894CBB7529B4FF5900EBD6DD /* RecognizedShape.swift in Sources */,
				894CBB5F29B38BB600EBD6DD /* PKCanvasRepresentation.swift in Sources */,
				894CBB4E29B3826800EBD6DD /* InscriberApp.swift in Sources */,
				894CBB7929B539BE00EBD6DD /* CGMathExtensions.swift in Sources */,
				894CBB7D29B570D900EBD6DD /* PenWidth.swift in Sources */,
				894CBB7B29B564BB00EBD6DD /* UIDevice+userInterface.swift in Sources */,
				894CBB6729B4EB7600EBD6DD /* Drawing.swift in Sources */,
				894CBB6D29B4F54200EBD6DD /* CustomCanvasView.swift in Sources */,
			);
			runOnlyForDeploymentPostprocessing = 0;
		};
/* End PBXSourcesBuildPhase section */

/* Begin XCBuildConfiguration section */
		894CBB5629B3826800EBD6DD /* Debug */ = {
			isa = XCBuildConfiguration;
			buildSettings = {
				ALWAYS_SEARCH_USER_PATHS = NO;
				CLANG_ANALYZER_NONNULL = YES;
				CLANG_ANALYZER_NUMBER_OBJECT_CONVERSION = YES_AGGRESSIVE;
				CLANG_CXX_LANGUAGE_STANDARD = "gnu++20";
				CLANG_ENABLE_MODULES = YES;
				CLANG_ENABLE_OBJC_ARC = YES;
				CLANG_ENABLE_OBJC_WEAK = YES;
				CLANG_WARN_BLOCK_CAPTURE_AUTORELEASING = YES;
				CLANG_WARN_BOOL_CONVERSION = YES;
				CLANG_WARN_COMMA = YES;
				CLANG_WARN_CONSTANT_CONVERSION = YES;
				CLANG_WARN_DEPRECATED_OBJC_IMPLEMENTATIONS = YES;
				CLANG_WARN_DIRECT_OBJC_ISA_USAGE = YES_ERROR;
				CLANG_WARN_DOCUMENTATION_COMMENTS = YES;
				CLANG_WARN_EMPTY_BODY = YES;
				CLANG_WARN_ENUM_CONVERSION = YES;
				CLANG_WARN_INFINITE_RECURSION = YES;
				CLANG_WARN_INT_CONVERSION = YES;
				CLANG_WARN_NON_LITERAL_NULL_CONVERSION = YES;
				CLANG_WARN_OBJC_IMPLICIT_RETAIN_SELF = YES;
				CLANG_WARN_OBJC_LITERAL_CONVERSION = YES;
				CLANG_WARN_OBJC_ROOT_CLASS = YES_ERROR;
				CLANG_WARN_QUOTED_INCLUDE_IN_FRAMEWORK_HEADER = YES;
				CLANG_WARN_RANGE_LOOP_ANALYSIS = YES;
				CLANG_WARN_STRICT_PROTOTYPES = YES;
				CLANG_WARN_SUSPICIOUS_MOVE = YES;
				CLANG_WARN_UNGUARDED_AVAILABILITY = YES_AGGRESSIVE;
				CLANG_WARN_UNREACHABLE_CODE = YES;
				CLANG_WARN__DUPLICATE_METHOD_MATCH = YES;
				COPY_PHASE_STRIP = NO;
				DEBUG_INFORMATION_FORMAT = dwarf;
				ENABLE_STRICT_OBJC_MSGSEND = YES;
				ENABLE_TESTABILITY = YES;
				GCC_C_LANGUAGE_STANDARD = gnu11;
				GCC_DYNAMIC_NO_PIC = NO;
				GCC_NO_COMMON_BLOCKS = YES;
				GCC_OPTIMIZATION_LEVEL = 0;
				GCC_PREPROCESSOR_DEFINITIONS = (
					"DEBUG=1",
					"$(inherited)",
				);
				GCC_WARN_64_TO_32_BIT_CONVERSION = YES;
				GCC_WARN_ABOUT_RETURN_TYPE = YES_ERROR;
				GCC_WARN_UNDECLARED_SELECTOR = YES;
				GCC_WARN_UNINITIALIZED_AUTOS = YES_AGGRESSIVE;
				GCC_WARN_UNUSED_FUNCTION = YES;
				GCC_WARN_UNUSED_VARIABLE = YES;
				IPHONEOS_DEPLOYMENT_TARGET = 16.2;
				MTL_ENABLE_DEBUG_INFO = INCLUDE_SOURCE;
				MTL_FAST_MATH = YES;
				ONLY_ACTIVE_ARCH = YES;
				SDKROOT = iphoneos;
				SWIFT_ACTIVE_COMPILATION_CONDITIONS = DEBUG;
				SWIFT_OPTIMIZATION_LEVEL = "-Onone";
			};
			name = Debug;
		};
		894CBB5729B3826800EBD6DD /* Release */ = {
			isa = XCBuildConfiguration;
			buildSettings = {
				ALWAYS_SEARCH_USER_PATHS = NO;
				CLANG_ANALYZER_NONNULL = YES;
				CLANG_ANALYZER_NUMBER_OBJECT_CONVERSION = YES_AGGRESSIVE;
				CLANG_CXX_LANGUAGE_STANDARD = "gnu++20";
				CLANG_ENABLE_MODULES = YES;
				CLANG_ENABLE_OBJC_ARC = YES;
				CLANG_ENABLE_OBJC_WEAK = YES;
				CLANG_WARN_BLOCK_CAPTURE_AUTORELEASING = YES;
				CLANG_WARN_BOOL_CONVERSION = YES;
				CLANG_WARN_COMMA = YES;
				CLANG_WARN_CONSTANT_CONVERSION = YES;
				CLANG_WARN_DEPRECATED_OBJC_IMPLEMENTATIONS = YES;
				CLANG_WARN_DIRECT_OBJC_ISA_USAGE = YES_ERROR;
				CLANG_WARN_DOCUMENTATION_COMMENTS = YES;
				CLANG_WARN_EMPTY_BODY = YES;
				CLANG_WARN_ENUM_CONVERSION = YES;
				CLANG_WARN_INFINITE_RECURSION = YES;
				CLANG_WARN_INT_CONVERSION = YES;
				CLANG_WARN_NON_LITERAL_NULL_CONVERSION = YES;
				CLANG_WARN_OBJC_IMPLICIT_RETAIN_SELF = YES;
				CLANG_WARN_OBJC_LITERAL_CONVERSION = YES;
				CLANG_WARN_OBJC_ROOT_CLASS = YES_ERROR;
				CLANG_WARN_QUOTED_INCLUDE_IN_FRAMEWORK_HEADER = YES;
				CLANG_WARN_RANGE_LOOP_ANALYSIS = YES;
				CLANG_WARN_STRICT_PROTOTYPES = YES;
				CLANG_WARN_SUSPICIOUS_MOVE = YES;
				CLANG_WARN_UNGUARDED_AVAILABILITY = YES_AGGRESSIVE;
				CLANG_WARN_UNREACHABLE_CODE = YES;
				CLANG_WARN__DUPLICATE_METHOD_MATCH = YES;
				COPY_PHASE_STRIP = NO;
				DEBUG_INFORMATION_FORMAT = "dwarf-with-dsym";
				ENABLE_NS_ASSERTIONS = NO;
				ENABLE_STRICT_OBJC_MSGSEND = YES;
				GCC_C_LANGUAGE_STANDARD = gnu11;
				GCC_NO_COMMON_BLOCKS = YES;
				GCC_WARN_64_TO_32_BIT_CONVERSION = YES;
				GCC_WARN_ABOUT_RETURN_TYPE = YES_ERROR;
				GCC_WARN_UNDECLARED_SELECTOR = YES;
				GCC_WARN_UNINITIALIZED_AUTOS = YES_AGGRESSIVE;
				GCC_WARN_UNUSED_FUNCTION = YES;
				GCC_WARN_UNUSED_VARIABLE = YES;
				IPHONEOS_DEPLOYMENT_TARGET = 16.2;
				MTL_ENABLE_DEBUG_INFO = NO;
				MTL_FAST_MATH = YES;
				SDKROOT = iphoneos;
				SWIFT_COMPILATION_MODE = wholemodule;
				SWIFT_OPTIMIZATION_LEVEL = "-O";
				VALIDATE_PRODUCT = YES;
			};
			name = Release;
		};
		894CBB5929B3826800EBD6DD /* Debug */ = {
			isa = XCBuildConfiguration;
			buildSettings = {
				ASSETCATALOG_COMPILER_APPICON_NAME = AppIcon;
				ASSETCATALOG_COMPILER_GLOBAL_ACCENT_COLOR_NAME = AccentColor;
				CODE_SIGN_IDENTITY = "Apple Development";
				CODE_SIGN_STYLE = Automatic;
				CURRENT_PROJECT_VERSION = 1;
				DEVELOPMENT_ASSET_PATHS = "\"Inscriber/Preview Content\"";
				DEVELOPMENT_TEAM = 6QH7E4QW2D;
				ENABLE_PREVIEWS = YES;
				GENERATE_INFOPLIST_FILE = YES;
				INFOPLIST_KEY_UIApplicationSceneManifest_Generation = YES;
				INFOPLIST_KEY_UIApplicationSupportsIndirectInputEvents = YES;
				INFOPLIST_KEY_UILaunchScreen_Generation = YES;
				INFOPLIST_KEY_UISupportedInterfaceOrientations_iPad = "UIInterfaceOrientationPortrait UIInterfaceOrientationPortraitUpsideDown UIInterfaceOrientationLandscapeLeft UIInterfaceOrientationLandscapeRight";
				INFOPLIST_KEY_UISupportedInterfaceOrientations_iPhone = "UIInterfaceOrientationPortrait UIInterfaceOrientationLandscapeLeft UIInterfaceOrientationLandscapeRight";
				IPHONEOS_DEPLOYMENT_TARGET = 16;
				LD_RUNPATH_SEARCH_PATHS = (
					"$(inherited)",
					"@executable_path/Frameworks",
				);
				MARKETING_VERSION = 1.0.0;
				PRODUCT_BUNDLE_IDENTIFIER = com.dvdblk.Inscriber;
				PRODUCT_NAME = "$(TARGET_NAME)";
				PROVISIONING_PROFILE_SPECIFIER = "";
				SWIFT_EMIT_LOC_STRINGS = YES;
				SWIFT_VERSION = 5.0;
				TARGETED_DEVICE_FAMILY = "1,2";
			};
			name = Debug;
		};
		894CBB5A29B3826800EBD6DD /* Release */ = {
			isa = XCBuildConfiguration;
			buildSettings = {
				ASSETCATALOG_COMPILER_APPICON_NAME = AppIcon;
				ASSETCATALOG_COMPILER_GLOBAL_ACCENT_COLOR_NAME = AccentColor;
				CODE_SIGN_IDENTITY = "Apple Development";
				CODE_SIGN_STYLE = Automatic;
				CURRENT_PROJECT_VERSION = 1;
				DEVELOPMENT_ASSET_PATHS = "\"Inscriber/Preview Content\"";
				DEVELOPMENT_TEAM = 6QH7E4QW2D;
				ENABLE_PREVIEWS = YES;
				GENERATE_INFOPLIST_FILE = YES;
				INFOPLIST_KEY_UIApplicationSceneManifest_Generation = YES;
				INFOPLIST_KEY_UIApplicationSupportsIndirectInputEvents = YES;
				INFOPLIST_KEY_UILaunchScreen_Generation = YES;
				INFOPLIST_KEY_UISupportedInterfaceOrientations_iPad = "UIInterfaceOrientationPortrait UIInterfaceOrientationPortraitUpsideDown UIInterfaceOrientationLandscapeLeft UIInterfaceOrientationLandscapeRight";
				INFOPLIST_KEY_UISupportedInterfaceOrientations_iPhone = "UIInterfaceOrientationPortrait UIInterfaceOrientationLandscapeLeft UIInterfaceOrientationLandscapeRight";
				IPHONEOS_DEPLOYMENT_TARGET = 16;
				LD_RUNPATH_SEARCH_PATHS = (
					"$(inherited)",
					"@executable_path/Frameworks",
				);
				MARKETING_VERSION = 1.0.0;
				PRODUCT_BUNDLE_IDENTIFIER = com.dvdblk.Inscriber;
				PRODUCT_NAME = "$(TARGET_NAME)";
				PROVISIONING_PROFILE_SPECIFIER = "";
				SWIFT_EMIT_LOC_STRINGS = YES;
				SWIFT_VERSION = 5.0;
				TARGETED_DEVICE_FAMILY = "1,2";
			};
			name = Release;
		};
/* End XCBuildConfiguration section */

/* Begin XCConfigurationList section */
		894CBB4529B3826800EBD6DD /* Build configuration list for PBXProject "Inscriber" */ = {
			isa = XCConfigurationList;
			buildConfigurations = (
				894CBB5629B3826800EBD6DD /* Debug */,
				894CBB5729B3826800EBD6DD /* Release */,
			);
			defaultConfigurationIsVisible = 0;
			defaultConfigurationName = Release;
		};
		894CBB5829B3826800EBD6DD /* Build configuration list for PBXNativeTarget "Inscriber" */ = {
			isa = XCConfigurationList;
			buildConfigurations = (
				894CBB5929B3826800EBD6DD /* Debug */,
				894CBB5A29B3826800EBD6DD /* Release */,
			);
			defaultConfigurationIsVisible = 0;
			defaultConfigurationName = Release;
		};
/* End XCConfigurationList section */
	};
	rootObject = 894CBB4229B3826800EBD6DD /* Project object */;
}
